
Microsoft Visual Studio Solution File, Format Version 12.00
# Visual Studio Version 16
VisualStudioVersion = 16.0.31005.135
MinimumVisualStudioVersion = 10.0.40219.1
Project("{FAE04EC0-301F-11D3-BF4B-00C04F79EFBC}") = "Clothastic", "Clothastic\Clothastic.csproj", "{D181B8F8-0769-4246-A8CA-D45DF505F316}"
EndProject
Global
	GlobalSection(SolutionConfigurationPlatforms) = preSolution
		Debug|Any CPU = Debug|Any CPU
		Release|Any CPU = Release|Any CPU
	EndGlobalSection
	GlobalSection(ProjectConfigurationPlatforms) = postSolution
		{D181B8F8-0769-4246-A8CA-D45DF505F316}.Debug|Any CPU.ActiveCfg = Debug|Any CPU
		{D181B8F8-0769-4246-A8CA-D45DF505F316}.Debug|Any CPU.Build.0 = Debug|Any CPU
		{D181B8F8-0769-4246-A8CA-D45DF505F316}.Release|Any CPU.ActiveCfg = Release|Any CPU
		{D181B8F8-0769-4246-A8CA-D45DF505F316}.Release|Any CPU.Build.0 = Release|Any CPU
	EndGlobalSection
	GlobalSection(SolutionProperties) = preSolution
		HideSolutionNode = FALSE
	EndGlobalSection
	GlobalSection(ExtensibilityGlobals) = postSolution
		SolutionGuid = {D477D503-2B32-48B2-A4C8-2EA1F2678D6A}
	EndGlobalSection
EndGlobal
